
Microsoft Visual Studio Solution File, Format Version 12.00
# Visual Studio Version 16
VisualStudioVersion = 16.0.32228.343
MinimumVisualStudioVersion = 10.0.40219.1
Project("{FAE04EC0-301F-11D3-BF4B-00C04F79EFBC}") = "method for 'N' number write '3N'", "method for 'N' number write '3N'\method for 'N' number write '3N'.csproj", "{7219A06D-B5F6-4176-A98B-911EFAB512D5}"
EndProject
Global
	GlobalSection(SolutionConfigurationPlatforms) = preSolution
		Debug|Any CPU = Debug|Any CPU
		Release|Any CPU = Release|Any CPU
	EndGlobalSection
	GlobalSection(ProjectConfigurationPlatforms) = postSolution
		{7219A06D-B5F6-4176-A98B-911EFAB512D5}.Debug|Any CPU.ActiveCfg = Debug|Any CPU
		{7219A06D-B5F6-4176-A98B-911EFAB512D5}.Debug|Any CPU.Build.0 = Debug|Any CPU
		{7219A06D-B5F6-4176-A98B-911EFAB512D5}.Release|Any CPU.ActiveCfg = Release|Any CPU
		{7219A06D-B5F6-4176-A98B-911EFAB512D5}.Release|Any CPU.Build.0 = Release|Any CPU
	EndGlobalSection
	GlobalSection(SolutionProperties) = preSolution
		HideSolutionNode = FALSE
	EndGlobalSection
	GlobalSection(ExtensibilityGlobals) = postSolution
		SolutionGuid = {FC7054F1-BFB8-4534-BB1F-CC283D903F97}
	EndGlobalSection
EndGlobal
